{
	"name": "@beyond-js/overwrites-test",
	"version": "0.0.1",
	"lockfileVersion": 3,
	"requires": true,
	"packages": {
		"": {
			"name": "@beyond-js/overwrites-test",
			"version": "0.0.1",
			"dependencies": {
				"@beyond-js/kernel": "^0.1.9",
				"@beyond-js/widgets": "0.1.4"
			}
		},
		"node_modules/@beyond-js/kernel": {
			"version": "0.1.9",
			"resolved": "https://registry.npmjs.org/@beyond-js/kernel/-/kernel-0.1.9.tgz",
			"integrity": "sha512-jBwaslFuwM/qPCXieNuyfgbpLP98AHfLngyCEBeuaWkCBLNpRHFTHFGVqDWvJW1+e7HjUpSrxrCN8ekQ4fqPLA=="
		},
		"node_modules/@beyond-js/widgets": {
			"version": "0.1.4",
			"resolved": "https://registry.npmjs.org/@beyond-js/widgets/-/widgets-0.1.4.tgz",
			"integrity": "sha512-Z5wFduDJyUQcl5Sus+w/zrMd4QtQlN74NKBdh2+lGTIJha1lRKaPJZmyXoK7mXpZh44TsPUGi1vJaduJZ+qlPw==",
			"dependencies": {
				"@beyond-js/kernel": "~0.1.8"
			}
		}
	}
}
