{
	"name": "dummy-bundler-test",
	"version": "0.0.1",
	"lockfileVersion": 3,
	"requires": true,
	"packages": {
		"": {
			"name": "dummy-bundler-test",
			"version": "0.0.1",
			"license": "ISC",
			"dependencies": {
				"@beyond-js/kernel": "~0.1.9"
			},
			"devDependencies": {
				"dummy-bundler": "file://./bundler"
			}
		},
		"bundler": {
			"dev": true
		},
		"node_modules/@beyond-js/kernel": {
			"version": "0.1.9",
			"resolved": "https://registry.npmjs.org/@beyond-js/kernel/-/kernel-0.1.9.tgz",
			"integrity": "sha512-jBwaslFuwM/qPCXieNuyfgbpLP98AHfLngyCEBeuaWkCBLNpRHFTHFGVqDWvJW1+e7HjUpSrxrCN8ekQ4fqPLA==",
			"license": "MIT"
		},
		"node_modules/dummy-bundler": {
			"resolved": "bundler",
			"link": true
		}
	}
}
